// !$*UTF8*$!
{
	archiveVersion = 1;
	classes = {
	};
	objectVersion = 46;
	objects = {

/* Begin PBXBuildFile section */
		560528FC1A18D21F00342E9F /* CPBasePlugin.m in Sources */ = {isa = PBXBuildFile; fileRef = 560528FB1A18D21F00342E9F /* CPBasePlugin.m */; };
		560529241A1A40E200342E9F /* Resource in Resources */ = {isa = PBXBuildFile; fileRef = 560529231A1A40E200342E9F /* Resource */; };
		560529371A1B8AFD00342E9F /* CPCameraPlugin.m in Sources */ = {isa = PBXBuildFile; fileRef = 560529331A1B8AFD00342E9F /* CPCameraPlugin.m */; };
		5605293B1A1B96A200342E9F /* CPImessagePlugin.m in Sources */ = {isa = PBXBuildFile; fileRef = 5605293A1A1B96A200342E9F /* CPImessagePlugin.m */; };
		56ABB5431A11A63A001553A7 /* main.m in Sources */ = {isa = PBXBuildFile; fileRef = 56ABB5421A11A63A001553A7 /* main.m */; };
		56ABB5461A11A63A001553A7 /* AppDelegate.m in Sources */ = {isa = PBXBuildFile; fileRef = 56ABB5451A11A63A001553A7 /* AppDelegate.m */; };
		56ABB54C1A11A63A001553A7 /* Main.storyboard in Resources */ = {isa = PBXBuildFile; fileRef = 56ABB54A1A11A63A001553A7 /* Main.storyboard */; };
		56ABB54E1A11A63A001553A7 /* Images.xcassets in Resources */ = {isa = PBXBuildFile; fileRef = 56ABB54D1A11A63A001553A7 /* Images.xcassets */; };
		56ABB5511A11A63A001553A7 /* LaunchScreen.xib in Resources */ = {isa = PBXBuildFile; fileRef = 56ABB54F1A11A63A001553A7 /* LaunchScreen.xib */; };
		56ABB55D1A11A63A001553A7 /* Js_Bridge_OCTests.m in Sources */ = {isa = PBXBuildFile; fileRef = 56ABB55C1A11A63A001553A7 /* Js_Bridge_OCTests.m */; };
		56ABB5691A11A708001553A7 /* CPURLProtocol.m in Sources */ = {isa = PBXBuildFile; fileRef = 56ABB5681A11A708001553A7 /* CPURLProtocol.m */; };
		56ABB56C1A11A739001553A7 /* CPBaseViewController.m in Sources */ = {isa = PBXBuildFile; fileRef = 56ABB56B1A11A739001553A7 /* CPBaseViewController.m */; };
		56ABB56F1A11A8D3001553A7 /* CPRootViewController.m in Sources */ = {isa = PBXBuildFile; fileRef = 56ABB56E1A11A8D3001553A7 /* CPRootViewController.m */; };
		56ABB5711A11AF31001553A7 /* Constants.h in Sources */ = {isa = PBXBuildFile; fileRef = 56ABB5701A11AE2D001553A7 /* Constants.h */; };
		56AF9CF81A12FE4800E13128 /* CPUtil.m in Sources */ = {isa = PBXBuildFile; fileRef = 56AF9CF71A12FE4800E13128 /* CPUtil.m */; };
/* End PBXBuildFile section */

/* Begin PBXContainerItemProxy section */
		56ABB5571A11A63A001553A7 /* PBXContainerItemProxy */ = {
			isa = PBXContainerItemProxy;
			containerPortal = 56ABB5351A11A63A001553A7 /* Project object */;
			proxyType = 1;
			remoteGlobalIDString = 56ABB53C1A11A63A001553A7;
			remoteInfo = Js_Bridge_OC;
		};
/* End PBXContainerItemProxy section */

/* Begin PBXFileReference section */
		560528FA1A18D21F00342E9F /* CPBasePlugin.h */ = {isa = PBXFileReference; fileEncoding = 4; lastKnownFileType = sourcecode.c.h; path = CPBasePlugin.h; sourceTree = "<group>"; };
		560528FB1A18D21F00342E9F /* CPBasePlugin.m */ = {isa = PBXFileReference; fileEncoding = 4; lastKnownFileType = sourcecode.c.objc; path = CPBasePlugin.m; sourceTree = "<group>"; };
		560529231A1A40E200342E9F /* Resource */ = {isa = PBXFileReference; lastKnownFileType = folder; path = Resource; sourceTree = "<group>"; };
		560529321A1B8AFD00342E9F /* CPCameraPlugin.h */ = {isa = PBXFileReference; fileEncoding = 4; lastKnownFileType = sourcecode.c.h; path = CPCameraPlugin.h; sourceTree = "<group>"; };
		560529331A1B8AFD00342E9F /* CPCameraPlugin.m */ = {isa = PBXFileReference; fileEncoding = 4; lastKnownFileType = sourcecode.c.objc; path = CPCameraPlugin.m; sourceTree = "<group>"; };
		560529391A1B96A200342E9F /* CPImessagePlugin.h */ = {isa = PBXFileReference; fileEncoding = 4; lastKnownFileType = sourcecode.c.h; path = CPImessagePlugin.h; sourceTree = "<group>"; };
		5605293A1A1B96A200342E9F /* CPImessagePlugin.m */ = {isa = PBXFileReference; fileEncoding = 4; lastKnownFileType = sourcecode.c.objc; path = CPImessagePlugin.m; sourceTree = "<group>"; };
		56ABB53D1A11A63A001553A7 /* Js_Bridge_OC.app */ = {isa = PBXFileReference; explicitFileType = wrapper.application; includeInIndex = 0; path = Js_Bridge_OC.app; sourceTree = BUILT_PRODUCTS_DIR; };
		56ABB5411A11A63A001553A7 /* Info.plist */ = {isa = PBXFileReference; lastKnownFileType = text.plist.xml; path = Info.plist; sourceTree = "<group>"; };
		56ABB5421A11A63A001553A7 /* main.m */ = {isa = PBXFileReference; lastKnownFileType = sourcecode.c.objc; path = main.m; sourceTree = "<group>"; };
		56ABB5441A11A63A001553A7 /* AppDelegate.h */ = {isa = PBXFileReference; lastKnownFileType = sourcecode.c.h; path = AppDelegate.h; sourceTree = "<group>"; };
		56ABB5451A11A63A001553A7 /* AppDelegate.m */ = {isa = PBXFileReference; lastKnownFileType = sourcecode.c.objc; path = AppDelegate.m; sourceTree = "<group>"; };
		56ABB54B1A11A63A001553A7 /* Base */ = {isa = PBXFileReference; lastKnownFileType = file.storyboard; name = Base; path = Base.lproj/Main.storyboard; sourceTree = "<group>"; };
		56ABB54D1A11A63A001553A7 /* Images.xcassets */ = {isa = PBXFileReference; lastKnownFileType = folder.assetcatalog; path = Images.xcassets; sourceTree = "<group>"; };
		56ABB5501A11A63A001553A7 /* Base */ = {isa = PBXFileReference; lastKnownFileType = file.xib; name = Base; path = Base.lproj/LaunchScreen.xib; sourceTree = "<group>"; };
		56ABB5561A11A63A001553A7 /* Js_Bridge_OCTests.xctest */ = {isa = PBXFileReference; explicitFileType = wrapper.cfbundle; includeInIndex = 0; path = Js_Bridge_OCTests.xctest; sourceTree = BUILT_PRODUCTS_DIR; };
		56ABB55B1A11A63A001553A7 /* Info.plist */ = {isa = PBXFileReference; lastKnownFileType = text.plist.xml; path = Info.plist; sourceTree = "<group>"; };
		56ABB55C1A11A63A001553A7 /* Js_Bridge_OCTests.m */ = {isa = PBXFileReference; lastKnownFileType = sourcecode.c.objc; path = Js_Bridge_OCTests.m; sourceTree = "<group>"; };
		56ABB5671A11A708001553A7 /* CPURLProtocol.h */ = {isa = PBXFileReference; fileEncoding = 4; lastKnownFileType = sourcecode.c.h; path = CPURLProtocol.h; sourceTree = "<group>"; };
		56ABB5681A11A708001553A7 /* CPURLProtocol.m */ = {isa = PBXFileReference; fileEncoding = 4; lastKnownFileType = sourcecode.c.objc; path = CPURLProtocol.m; sourceTree = "<group>"; };
		56ABB56A1A11A739001553A7 /* CPBaseViewController.h */ = {isa = PBXFileReference; fileEncoding = 4; lastKnownFileType = sourcecode.c.h; path = CPBaseViewController.h; sourceTree = "<group>"; };
		56ABB56B1A11A739001553A7 /* CPBaseViewController.m */ = {isa = PBXFileReference; fileEncoding = 4; lastKnownFileType = sourcecode.c.objc; path = CPBaseViewController.m; sourceTree = "<group>"; };
		56ABB56D1A11A8D3001553A7 /* CPRootViewController.h */ = {isa = PBXFileReference; fileEncoding = 4; lastKnownFileType = sourcecode.c.h; path = CPRootViewController.h; sourceTree = "<group>"; };
		56ABB56E1A11A8D3001553A7 /* CPRootViewController.m */ = {isa = PBXFileReference; fileEncoding = 4; lastKnownFileType = sourcecode.c.objc; path = CPRootViewController.m; sourceTree = "<group>"; };
		56ABB5701A11AE2D001553A7 /* Constants.h */ = {isa = PBXFileReference; lastKnownFileType = sourcecode.c.h; path = Constants.h; sourceTree = "<group>"; };
		56AF9CF61A12FE4800E13128 /* CPUtil.h */ = {isa = PBXFileReference; fileEncoding = 4; lastKnownFileType = sourcecode.c.h; path = CPUtil.h; sourceTree = "<group>"; };
		56AF9CF71A12FE4800E13128 /* CPUtil.m */ = {isa = PBXFileReference; fileEncoding = 4; lastKnownFileType = sourcecode.c.objc; path = CPUtil.m; sourceTree = "<group>"; };
/* End PBXFileReference section */

/* Begin PBXFrameworksBuildPhase section */
		56ABB53A1A11A63A001553A7 /* Frameworks */ = {
			isa = PBXFrameworksBuildPhase;
			buildActionMask = 2147483647;
			files = (
			);
			runOnlyForDeploymentPostprocessing = 0;
		};
		56ABB5531A11A63A001553A7 /* Frameworks */ = {
			isa = PBXFrameworksBuildPhase;
			buildActionMask = 2147483647;
			files = (
			);
			runOnlyForDeploymentPostprocessing = 0;
		};
/* End PBXFrameworksBuildPhase section */

/* Begin PBXGroup section */
		560529311A1B8AFD00342E9F /* Plugins */ = {
			isa = PBXGroup;
			children = (
				560529321A1B8AFD00342E9F /* CPCameraPlugin.h */,
				560529331A1B8AFD00342E9F /* CPCameraPlugin.m */,
				560529391A1B96A200342E9F /* CPImessagePlugin.h */,
				5605293A1A1B96A200342E9F /* CPImessagePlugin.m */,
			);
			path = Plugins;
			sourceTree = "<group>";
		};
		56ABB5341A11A63A001553A7 = {
			isa = PBXGroup;
			children = (
				560529231A1A40E200342E9F /* Resource */,
				56ABB53F1A11A63A001553A7 /* Js_Bridge_OC */,
				56ABB5591A11A63A001553A7 /* Js_Bridge_OCTests */,
				56ABB53E1A11A63A001553A7 /* Products */,
			);
			sourceTree = "<group>";
		};
		56ABB53E1A11A63A001553A7 /* Products */ = {
			isa = PBXGroup;
			children = (
				56ABB53D1A11A63A001553A7 /* Js_Bridge_OC.app */,
				56ABB5561A11A63A001553A7 /* Js_Bridge_OCTests.xctest */,
			);
			name = Products;
			sourceTree = "<group>";
		};
		56ABB53F1A11A63A001553A7 /* Js_Bridge_OC */ = {
			isa = PBXGroup;
			children = (
				56ABB5661A11A658001553A7 /* JsBridge */,
				56ABB5701A11AE2D001553A7 /* Constants.h */,
				56ABB56D1A11A8D3001553A7 /* CPRootViewController.h */,
				56ABB56E1A11A8D3001553A7 /* CPRootViewController.m */,
				56ABB5441A11A63A001553A7 /* AppDelegate.h */,
				56ABB5451A11A63A001553A7 /* AppDelegate.m */,
				56ABB54A1A11A63A001553A7 /* Main.storyboard */,
				56ABB54D1A11A63A001553A7 /* Images.xcassets */,
				56ABB54F1A11A63A001553A7 /* LaunchScreen.xib */,
				56ABB5401A11A63A001553A7 /* Supporting Files */,
			);
			path = Js_Bridge_OC;
			sourceTree = "<group>";
		};
		56ABB5401A11A63A001553A7 /* Supporting Files */ = {
			isa = PBXGroup;
			children = (
				56ABB5411A11A63A001553A7 /* Info.plist */,
				56ABB5421A11A63A001553A7 /* main.m */,
			);
			name = "Supporting Files";
			sourceTree = "<group>";
		};
		56ABB5591A11A63A001553A7 /* Js_Bridge_OCTests */ = {
			isa = PBXGroup;
			children = (
				56ABB55C1A11A63A001553A7 /* Js_Bridge_OCTests.m */,
				56ABB55A1A11A63A001553A7 /* Supporting Files */,
			);
			path = Js_Bridge_OCTests;
			sourceTree = "<group>";
		};
		56ABB55A1A11A63A001553A7 /* Supporting Files */ = {
			isa = PBXGroup;
			children = (
				56ABB55B1A11A63A001553A7 /* Info.plist */,
			);
			name = "Supporting Files";
			sourceTree = "<group>";
		};
		56ABB5661A11A658001553A7 /* JsBridge */ = {
			isa = PBXGroup;
			children = (
				560529311A1B8AFD00342E9F /* Plugins */,
				56ABB5671A11A708001553A7 /* CPURLProtocol.h */,
				56ABB5681A11A708001553A7 /* CPURLProtocol.m */,
				56ABB56A1A11A739001553A7 /* CPBaseViewController.h */,
				56ABB56B1A11A739001553A7 /* CPBaseViewController.m */,
				56AF9CF61A12FE4800E13128 /* CPUtil.h */,
				56AF9CF71A12FE4800E13128 /* CPUtil.m */,
				560528FA1A18D21F00342E9F /* CPBasePlugin.h */,
				560528FB1A18D21F00342E9F /* CPBasePlugin.m */,
			);
			path = JsBridge;
			sourceTree = "<group>";
		};
/* End PBXGroup section */

/* Begin PBXNativeTarget section */
		56ABB53C1A11A63A001553A7 /* Js_Bridge_OC */ = {
			isa = PBXNativeTarget;
			buildConfigurationList = 56ABB5601A11A63A001553A7 /* Build configuration list for PBXNativeTarget "Js_Bridge_OC" */;
			buildPhases = (
				56ABB5391A11A63A001553A7 /* Sources */,
				56ABB53A1A11A63A001553A7 /* Frameworks */,
				56ABB53B1A11A63A001553A7 /* Resources */,
			);
			buildRules = (
			);
			dependencies = (
			);
			name = Js_Bridge_OC;
			productName = Js_Bridge_OC;
			productReference = 56ABB53D1A11A63A001553A7 /* Js_Bridge_OC.app */;
			productType = "com.apple.product-type.application";
		};
		56ABB5551A11A63A001553A7 /* Js_Bridge_OCTests */ = {
			isa = PBXNativeTarget;
			buildConfigurationList = 56ABB5631A11A63A001553A7 /* Build configuration list for PBXNativeTarget "Js_Bridge_OCTests" */;
			buildPhases = (
				56ABB5521A11A63A001553A7 /* Sources */,
				56ABB5531A11A63A001553A7 /* Frameworks */,
				56ABB5541A11A63A001553A7 /* Resources */,
			);
			buildRules = (
			);
			dependencies = (
				56ABB5581A11A63A001553A7 /* PBXTargetDependency */,
			);
			name = Js_Bridge_OCTests;
			productName = Js_Bridge_OCTests;
			productReference = 56ABB5561A11A63A001553A7 /* Js_Bridge_OCTests.xctest */;
			productType = "com.apple.product-type.bundle.unit-test";
		};
/* End PBXNativeTarget section */

/* Begin PBXProject section */
		56ABB5351A11A63A001553A7 /* Project object */ = {
			isa = PBXProject;
			attributes = {
				LastUpgradeCheck = 0610;
				ORGANIZATIONNAME = guafei;
				TargetAttributes = {
					56ABB53C1A11A63A001553A7 = {
						CreatedOnToolsVersion = 6.1;
						DevelopmentTeam = 52Z2K93TAE;
					};
					56ABB5551A11A63A001553A7 = {
						CreatedOnToolsVersion = 6.1;
						TestTargetID = 56ABB53C1A11A63A001553A7;
					};
				};
			};
			buildConfigurationList = 56ABB5381A11A63A001553A7 /* Build configuration list for PBXProject "Js_Bridge_OC" */;
			compatibilityVersion = "Xcode 3.2";
			developmentRegion = English;
			hasScannedForEncodings = 0;
			knownRegions = (
				en,
				Base,
			);
			mainGroup = 56ABB5341A11A63A001553A7;
			productRefGroup = 56ABB53E1A11A63A001553A7 /* Products */;
			projectDirPath = "";
			projectRoot = "";
			targets = (
				56ABB53C1A11A63A001553A7 /* Js_Bridge_OC */,
				56ABB5551A11A63A001553A7 /* Js_Bridge_OCTests */,
			);
		};
/* End PBXProject section */

/* Begin PBXResourcesBuildPhase section */
		56ABB53B1A11A63A001553A7 /* Resources */ = {
			isa = PBXResourcesBuildPhase;
			buildActionMask = 2147483647;
			files = (
				560529241A1A40E200342E9F /* Resource in Resources */,
				56ABB54C1A11A63A001553A7 /* Main.storyboard in Resources */,
				56ABB5511A11A63A001553A7 /* LaunchScreen.xib in Resources */,
				56ABB54E1A11A63A001553A7 /* Images.xcassets in Resources */,
			);
			runOnlyForDeploymentPostprocessing = 0;
		};
		56ABB5541A11A63A001553A7 /* Resources */ = {
			isa = PBXResourcesBuildPhase;
			buildActionMask = 2147483647;
			files = (
			);
			runOnlyForDeploymentPostprocessing = 0;
		};
/* End PBXResourcesBuildPhase section */

/* Begin PBXSourcesBuildPhase section */
		56ABB5391A11A63A001553A7 /* Sources */ = {
			isa = PBXSourcesBuildPhase;
			buildActionMask = 2147483647;
			files = (
				56AF9CF81A12FE4800E13128 /* CPUtil.m in Sources */,
				56ABB5711A11AF31001553A7 /* Constants.h in Sources */,
				560529371A1B8AFD00342E9F /* CPCameraPlugin.m in Sources */,
				56ABB56F1A11A8D3001553A7 /* CPRootViewController.m in Sources */,
				56ABB5461A11A63A001553A7 /* AppDelegate.m in Sources */,
				56ABB5691A11A708001553A7 /* CPURLProtocol.m in Sources */,
				56ABB56C1A11A739001553A7 /* CPBaseViewController.m in Sources */,
				560528FC1A18D21F00342E9F /* CPBasePlugin.m in Sources */,
				56ABB5431A11A63A001553A7 /* main.m in Sources */,
				5605293B1A1B96A200342E9F /* CPImessagePlugin.m in Sources */,
			);
			runOnlyForDeploymentPostprocessing = 0;
		};
		56ABB5521A11A63A001553A7 /* Sources */ = {
			isa = PBXSourcesBuildPhase;
			buildActionMask = 2147483647;
			files = (
				56ABB55D1A11A63A001553A7 /* Js_Bridge_OCTests.m in Sources */,
			);
			runOnlyForDeploymentPostprocessing = 0;
		};
/* End PBXSourcesBuildPhase section */

/* Begin PBXTargetDependency section */
		56ABB5581A11A63A001553A7 /* PBXTargetDependency */ = {
			isa = PBXTargetDependency;
			target = 56ABB53C1A11A63A001553A7 /* Js_Bridge_OC */;
			targetProxy = 56ABB5571A11A63A001553A7 /* PBXContainerItemProxy */;
		};
/* End PBXTargetDependency section */

/* Begin PBXVariantGroup section */
		56ABB54A1A11A63A001553A7 /* Main.storyboard */ = {
			isa = PBXVariantGroup;
			children = (
				56ABB54B1A11A63A001553A7 /* Base */,
			);
			name = Main.storyboard;
			sourceTree = "<group>";
		};
		56ABB54F1A11A63A001553A7 /* LaunchScreen.xib */ = {
			isa = PBXVariantGroup;
			children = (
				56ABB5501A11A63A001553A7 /* Base */,
			);
			name = LaunchScreen.xib;
			sourceTree = "<group>";
		};
/* End PBXVariantGroup section */

/* Begin XCBuildConfiguration section */
		56ABB55E1A11A63A001553A7 /* Debug */ = {
			isa = XCBuildConfiguration;
			buildSettings = {
				ALWAYS_SEARCH_USER_PATHS = NO;
				CLANG_CXX_LANGUAGE_STANDARD = "gnu++0x";
				CLANG_CXX_LIBRARY = "libc++";
				CLANG_ENABLE_MODULES = YES;
				CLANG_ENABLE_OBJC_ARC = YES;
				CLANG_WARN_BOOL_CONVERSION = YES;
				CLANG_WARN_CONSTANT_CONVERSION = YES;
				CLANG_WARN_DIRECT_OBJC_ISA_USAGE = YES_ERROR;
				CLANG_WARN_EMPTY_BODY = YES;
				CLANG_WARN_ENUM_CONVERSION = YES;
				CLANG_WARN_INT_CONVERSION = YES;
				CLANG_WARN_OBJC_ROOT_CLASS = YES_ERROR;
				CLANG_WARN_UNREACHABLE_CODE = YES;
				CLANG_WARN__DUPLICATE_METHOD_MATCH = YES;
				CODE_SIGN_IDENTITY = "iPhone Developer: 国飞 王 (U826C665V9)";
				"CODE_SIGN_IDENTITY[sdk=iphoneos*]" = "iPhone Developer";
				COPY_PHASE_STRIP = NO;
				ENABLE_STRICT_OBJC_MSGSEND = YES;
				GCC_C_LANGUAGE_STANDARD = gnu99;
				GCC_DYNAMIC_NO_PIC = NO;
				GCC_OPTIMIZATION_LEVEL = 0;
				GCC_PREPROCESSOR_DEFINITIONS = (
					"DEBUG=1",
					"$(inherited)",
				);
				GCC_SYMBOLS_PRIVATE_EXTERN = NO;
				GCC_WARN_64_TO_32_BIT_CONVERSION = YES;
				GCC_WARN_ABOUT_RETURN_TYPE = YES_ERROR;
				GCC_WARN_UNDECLARED_SELECTOR = YES;
				GCC_WARN_UNINITIALIZED_AUTOS = YES_AGGRESSIVE;
				GCC_WARN_UNUSED_FUNCTION = YES;
				GCC_WARN_UNUSED_VARIABLE = YES;
				IPHONEOS_DEPLOYMENT_TARGET = 8.1;
				MTL_ENABLE_DEBUG_INFO = YES;
				ONLY_ACTIVE_ARCH = YES;
				PROVISIONING_PROFILE = "3fbfd122-5bac-4c62-82c6-0a4cd2c70917";
				SDKROOT = iphoneos;
			};
			name = Debug;
		};
		56ABB55F1A11A63A001553A7 /* Release */ = {
			isa = XCBuildConfiguration;
			buildSettings = {
				ALWAYS_SEARCH_USER_PATHS = NO;
				CLANG_CXX_LANGUAGE_STANDARD = "gnu++0x";
				CLANG_CXX_LIBRARY = "libc++";
				CLANG_ENABLE_MODULES = YES;
				CLANG_ENABLE_OBJC_ARC = YES;
				CLANG_WARN_BOOL_CONVERSION = YES;
				CLANG_WARN_CONSTANT_CONVERSION = YES;
				CLANG_WARN_DIRECT_OBJC_ISA_USAGE = YES_ERROR;
				CLANG_WARN_EMPTY_BODY = YES;
				CLANG_WARN_ENUM_CONVERSION = YES;
				CLANG_WARN_INT_CONVERSION = YES;
				CLANG_WARN_OBJC_ROOT_CLASS = YES_ERROR;
				CLANG_WARN_UNREACHABLE_CODE = YES;
				CLANG_WARN__DUPLICATE_METHOD_MATCH = YES;
				CODE_SIGN_IDENTITY = "iPhone Developer: 国飞 王 (U826C665V9)";
				"CODE_SIGN_IDENTITY[sdk=iphoneos*]" = "iPhone Developer";
				COPY_PHASE_STRIP = YES;
				ENABLE_NS_ASSERTIONS = NO;
				ENABLE_STRICT_OBJC_MSGSEND = YES;
				GCC_C_LANGUAGE_STANDARD = gnu99;
				GCC_WARN_64_TO_32_BIT_CONVERSION = YES;
				GCC_WARN_ABOUT_RETURN_TYPE = YES_ERROR;
				GCC_WARN_UNDECLARED_SELECTOR = YES;
				GCC_WARN_UNINITIALIZED_AUTOS = YES_AGGRESSIVE;
				GCC_WARN_UNUSED_FUNCTION = YES;
				GCC_WARN_UNUSED_VARIABLE = YES;
				IPHONEOS_DEPLOYMENT_TARGET = 8.1;
				MTL_ENABLE_DEBUG_INFO = NO;
				PROVISIONING_PROFILE = "3fbfd122-5bac-4c62-82c6-0a4cd2c70917";
				SDKROOT = iphoneos;
				VALIDATE_PRODUCT = YES;
			};
			name = Release;
		};
		56ABB5611A11A63A001553A7 /* Debug */ = {
			isa = XCBuildConfiguration;
			buildSettings = {
				ASSETCATALOG_COMPILER_APPICON_NAME = AppIcon;
				CODE_SIGN_IDENTITY = "iPhone Developer: 国飞 王 (U826C665V9)";
				"CODE_SIGN_IDENTITY[sdk=iphoneos*]" = "iPhone Developer";
				INFOPLIST_FILE = Js_Bridge_OC/Info.plist;
				LD_RUNPATH_SEARCH_PATHS = "$(inherited) @executable_path/Frameworks";
				PRODUCT_NAME = "$(TARGET_NAME)";
				PROVISIONING_PROFILE = "3fbfd122-5bac-4c62-82c6-0a4cd2c70917";
			};
			name = Debug;
		};
		56ABB5621A11A63A001553A7 /* Release */ = {
			isa = XCBuildConfiguration;
			buildSettings = {
				ASSETCATALOG_COMPILER_APPICON_NAME = AppIcon;
				CODE_SIGN_IDENTITY = "iPhone Developer: 国飞 王 (U826C665V9)";
				"CODE_SIGN_IDENTITY[sdk=iphoneos*]" = "iPhone Developer";
				INFOPLIST_FILE = Js_Bridge_OC/Info.plist;
				LD_RUNPATH_SEARCH_PATHS = "$(inherited) @executable_path/Frameworks";
				PRODUCT_NAME = "$(TARGET_NAME)";
				PROVISIONING_PROFILE = "3fbfd122-5bac-4c62-82c6-0a4cd2c70917";
			};
			name = Release;
		};
		56ABB5641A11A63A001553A7 /* Debug */ = {
			isa = XCBuildConfiguration;
			buildSettings = {
				BUNDLE_LOADER = "$(TEST_HOST)";
				FRAMEWORK_SEARCH_PATHS = (
					"$(SDKROOT)/Developer/Library/Frameworks",
					"$(inherited)",
				);
				GCC_PREPROCESSOR_DEFINITIONS = (
					"DEBUG=1",
					"$(inherited)",
				);
				INFOPLIST_FILE = Js_Bridge_OCTests/Info.plist;
				LD_RUNPATH_SEARCH_PATHS = "$(inherited) @executable_path/Frameworks @loader_path/Frameworks";
				PRODUCT_NAME = "$(TARGET_NAME)";
				TEST_HOST = "$(BUILT_PRODUCTS_DIR)/Js_Bridge_OC.app/Js_Bridge_OC";
			};
			name = Debug;
		};
		56ABB5651A11A63A001553A7 /* Release */ = {
			isa = XCBuildConfiguration;
			buildSettings = {
				BUNDLE_LOADER = "$(TEST_HOST)";
				FRAMEWORK_SEARCH_PATHS = (
					"$(SDKROOT)/Developer/Library/Frameworks",
					"$(inherited)",
				);
				INFOPLIST_FILE = Js_Bridge_OCTests/Info.plist;
				LD_RUNPATH_SEARCH_PATHS = "$(inherited) @executable_path/Frameworks @loader_path/Frameworks";
				PRODUCT_NAME = "$(TARGET_NAME)";
				TEST_HOST = "$(BUILT_PRODUCTS_DIR)/Js_Bridge_OC.app/Js_Bridge_OC";
			};
			name = Release;
		};
/* End XCBuildConfiguration section */

/* Begin XCConfigurationList section */
		56ABB5381A11A63A001553A7 /* Build configuration list for PBXProject "Js_Bridge_OC" */ = {
			isa = XCConfigurationList;
			buildConfigurations = (
				56ABB55E1A11A63A001553A7 /* Debug */,
				56ABB55F1A11A63A001553A7 /* Release */,
			);
			defaultConfigurationIsVisible = 0;
			defaultConfigurationName = Release;
		};
		56ABB5601A11A63A001553A7 /* Build configuration list for PBXNativeTarget "Js_Bridge_OC" */ = {
			isa = XCConfigurationList;
			buildConfigurations = (
				56ABB5611A11A63A001553A7 /* Debug */,
				56ABB5621A11A63A001553A7 /* Release */,
			);
			defaultConfigurationIsVisible = 0;
			defaultConfigurationName = Release;
		};
		56ABB5631A11A63A001553A7 /* Build configuration list for PBXNativeTarget "Js_Bridge_OCTests" */ = {
			isa = XCConfigurationList;
			buildConfigurations = (
				56ABB5641A11A63A001553A7 /* Debug */,
				56ABB5651A11A63A001553A7 /* Release */,
			);
			defaultConfigurationIsVisible = 0;
			defaultConfigurationName = Release;
		};
/* End XCConfigurationList section */
	};
	rootObject = 56ABB5351A11A63A001553A7 /* Project object */;
}
